
Microsoft Visual Studio Solution File, Format Version 12.00
# Visual Studio 2013
VisualStudioVersion = 12.0.30723.0
MinimumVisualStudioVersion = 10.0.40219.1
Project("{FAE04EC0-301F-11D3-BF4B-00C04F79EFBC}") = "CornerFlag.Web", "CornerFlag.Web\CornerFlag.Web.csproj", "{0A396B81-0F99-4430-86EA-479200C87C73}"
EndProject
Project("{FAE04EC0-301F-11D3-BF4B-00C04F79EFBC}") = "CornerFlag.Web.Tests", "CornerFlag.Web.Tests\CornerFlag.Web.Tests.csproj", "{C28716B8-8C2F-4507-97C3-7BFB10749682}"
EndProject
Global
	GlobalSection(SolutionConfigurationPlatforms) = preSolution
		Debug|Any CPU = Debug|Any CPU
		Release|Any CPU = Release|Any CPU
	EndGlobalSection
	GlobalSection(ProjectConfigurationPlatforms) = postSolution
		{0A396B81-0F99-4430-86EA-479200C87C73}.Debug|Any CPU.ActiveCfg = Debug|Any CPU
		{0A396B81-0F99-4430-86EA-479200C87C73}.Debug|Any CPU.Build.0 = Debug|Any CPU
		{0A396B81-0F99-4430-86EA-479200C87C73}.Release|Any CPU.ActiveCfg = Release|Any CPU
		{0A396B81-0F99-4430-86EA-479200C87C73}.Release|Any CPU.Build.0 = Release|Any CPU
		{C28716B8-8C2F-4507-97C3-7BFB10749682}.Debug|Any CPU.ActiveCfg = Debug|Any CPU
		{C28716B8-8C2F-4507-97C3-7BFB10749682}.Debug|Any CPU.Build.0 = Debug|Any CPU
		{C28716B8-8C2F-4507-97C3-7BFB10749682}.Release|Any CPU.ActiveCfg = Release|Any CPU
		{C28716B8-8C2F-4507-97C3-7BFB10749682}.Release|Any CPU.Build.0 = Release|Any CPU
	EndGlobalSection
	GlobalSection(SolutionProperties) = preSolution
		HideSolutionNode = FALSE
	EndGlobalSection
EndGlobal
