
Microsoft Visual Studio Solution File, Format Version 12.00
# Visual Studio 2013
VisualStudioVersion = 12.0.30723.0
MinimumVisualStudioVersion = 10.0.40219.1
Project("{FAE04EC0-301F-11D3-BF4B-00C04F79EFBC}") = "CornerFlag.Web", "CornerFlag.Web\CornerFlag.Web.csproj", "{0A396B81-0F99-4430-86EA-479200C87C73}"
EndProject
Project("{FAE04EC0-301F-11D3-BF4B-00C04F79EFBC}") = "CornerFlag.Web.Tests", "CornerFlag.Web.Tests\CornerFlag.Web.Tests.csproj", "{C28716B8-8C2F-4507-97C3-7BFB10749682}"
EndProject
Project("{2150E333-8FDC-42A3-9474-1A3956D46DE8}") = "Data", "Data", "{AEF15654-A04D-4B77-85D9-E72915DCBF8D}"
EndProject
Project("{FAE04EC0-301F-11D3-BF4B-00C04F79EFBC}") = "CornerFlag.Data.Contracts", "CornerFlag.Data.Contracts\CornerFlag.Data.Contracts.csproj", "{011C1950-7C6A-4245-B239-3D0DAB07B42B}"
EndProject
Project("{FAE04EC0-301F-11D3-BF4B-00C04F79EFBC}") = "CornerFlag.Data.Models", "CornerFlag.Data.Models\CornerFlag.Data.Models.csproj", "{A8DD71C5-0F2C-402A-9288-A9B2C0E6A4E5}"
EndProject
Project("{FAE04EC0-301F-11D3-BF4B-00C04F79EFBC}") = "CornerFlag.Data", "CornerFlag.Data\CornerFlag.Data.csproj", "{9BAC18CB-9319-4898-8ADA-EABDAB330E48}"
EndProject
Project("{2150E333-8FDC-42A3-9474-1A3956D46DE8}") = "Common", "Common", "{E1772E98-C420-4FDF-8345-37F67D2F7482}"
EndProject
Project("{FAE04EC0-301F-11D3-BF4B-00C04F79EFBC}") = "CornerFlag.Common", "CornerFlag.Common\CornerFlag.Common.csproj", "{59EB96AF-F50D-40A8-852F-069AB6D5F820}"
EndProject
Global
	GlobalSection(SolutionConfigurationPlatforms) = preSolution
		Debug|Any CPU = Debug|Any CPU
		Release|Any CPU = Release|Any CPU
	EndGlobalSection
	GlobalSection(ProjectConfigurationPlatforms) = postSolution
		{0A396B81-0F99-4430-86EA-479200C87C73}.Debug|Any CPU.ActiveCfg = Debug|Any CPU
		{0A396B81-0F99-4430-86EA-479200C87C73}.Debug|Any CPU.Build.0 = Debug|Any CPU
		{0A396B81-0F99-4430-86EA-479200C87C73}.Release|Any CPU.ActiveCfg = Release|Any CPU
		{0A396B81-0F99-4430-86EA-479200C87C73}.Release|Any CPU.Build.0 = Release|Any CPU
		{C28716B8-8C2F-4507-97C3-7BFB10749682}.Debug|Any CPU.ActiveCfg = Debug|Any CPU
		{C28716B8-8C2F-4507-97C3-7BFB10749682}.Debug|Any CPU.Build.0 = Debug|Any CPU
		{C28716B8-8C2F-4507-97C3-7BFB10749682}.Release|Any CPU.ActiveCfg = Release|Any CPU
		{C28716B8-8C2F-4507-97C3-7BFB10749682}.Release|Any CPU.Build.0 = Release|Any CPU
		{011C1950-7C6A-4245-B239-3D0DAB07B42B}.Debug|Any CPU.ActiveCfg = Debug|Any CPU
		{011C1950-7C6A-4245-B239-3D0DAB07B42B}.Debug|Any CPU.Build.0 = Debug|Any CPU
		{011C1950-7C6A-4245-B239-3D0DAB07B42B}.Release|Any CPU.ActiveCfg = Release|Any CPU
		{011C1950-7C6A-4245-B239-3D0DAB07B42B}.Release|Any CPU.Build.0 = Release|Any CPU
		{A8DD71C5-0F2C-402A-9288-A9B2C0E6A4E5}.Debug|Any CPU.ActiveCfg = Debug|Any CPU
		{A8DD71C5-0F2C-402A-9288-A9B2C0E6A4E5}.Debug|Any CPU.Build.0 = Debug|Any CPU
		{A8DD71C5-0F2C-402A-9288-A9B2C0E6A4E5}.Release|Any CPU.ActiveCfg = Release|Any CPU
		{A8DD71C5-0F2C-402A-9288-A9B2C0E6A4E5}.Release|Any CPU.Build.0 = Release|Any CPU
		{9BAC18CB-9319-4898-8ADA-EABDAB330E48}.Debug|Any CPU.ActiveCfg = Debug|Any CPU
		{9BAC18CB-9319-4898-8ADA-EABDAB330E48}.Debug|Any CPU.Build.0 = Debug|Any CPU
		{9BAC18CB-9319-4898-8ADA-EABDAB330E48}.Release|Any CPU.ActiveCfg = Release|Any CPU
		{9BAC18CB-9319-4898-8ADA-EABDAB330E48}.Release|Any CPU.Build.0 = Release|Any CPU
		{59EB96AF-F50D-40A8-852F-069AB6D5F820}.Debug|Any CPU.ActiveCfg = Debug|Any CPU
		{59EB96AF-F50D-40A8-852F-069AB6D5F820}.Debug|Any CPU.Build.0 = Debug|Any CPU
		{59EB96AF-F50D-40A8-852F-069AB6D5F820}.Release|Any CPU.ActiveCfg = Release|Any CPU
		{59EB96AF-F50D-40A8-852F-069AB6D5F820}.Release|Any CPU.Build.0 = Release|Any CPU
	EndGlobalSection
	GlobalSection(SolutionProperties) = preSolution
		HideSolutionNode = FALSE
	EndGlobalSection
	GlobalSection(NestedProjects) = preSolution
		{011C1950-7C6A-4245-B239-3D0DAB07B42B} = {AEF15654-A04D-4B77-85D9-E72915DCBF8D}
		{A8DD71C5-0F2C-402A-9288-A9B2C0E6A4E5} = {AEF15654-A04D-4B77-85D9-E72915DCBF8D}
		{9BAC18CB-9319-4898-8ADA-EABDAB330E48} = {AEF15654-A04D-4B77-85D9-E72915DCBF8D}
		{59EB96AF-F50D-40A8-852F-069AB6D5F820} = {E1772E98-C420-4FDF-8345-37F67D2F7482}
	EndGlobalSection
EndGlobal
